
Microsoft Visual Studio Solution File, Format Version 12.00
# Visual Studio Version 17
VisualStudioVersion = 17.13.35806.99
MinimumVisualStudioVersion = 10.0.40219.1
Project("{FAE04EC0-301F-11D3-BF4B-00C04F79EFBC}") = "Chat65", "Chat65\Chat65.csproj", "{F700BDDF-DF48-46CB-8EE2-CBF9263356D2}"
EndProject
Global
	GlobalSection(SolutionConfigurationPlatforms) = preSolution
		Debug|Any CPU = Debug|Any CPU
		Release|Any CPU = Release|Any CPU
	EndGlobalSection
	GlobalSection(ProjectConfigurationPlatforms) = postSolution
		{F700BDDF-DF48-46CB-8EE2-CBF9263356D2}.Debug|Any CPU.ActiveCfg = Debug|Any CPU
		{F700BDDF-DF48-46CB-8EE2-CBF9263356D2}.Debug|Any CPU.Build.0 = Debug|Any CPU
		{F700BDDF-DF48-46CB-8EE2-CBF9263356D2}.Release|Any CPU.ActiveCfg = Release|Any CPU
		{F700BDDF-DF48-46CB-8EE2-CBF9263356D2}.Release|Any CPU.Build.0 = Release|Any CPU
	EndGlobalSection
	GlobalSection(SolutionProperties) = preSolution
		HideSolutionNode = FALSE
	EndGlobalSection
	GlobalSection(ExtensibilityGlobals) = postSolution
		SolutionGuid = {37CD9A85-5F34-4FB8-99C5-46416B34F9B1}
	EndGlobalSection
EndGlobal
